
Microsoft Visual Studio Solution File, Format Version 12.00
# Visual Studio Version 17
VisualStudioVersion = 17.5.33516.290
MinimumVisualStudioVersion = 10.0.40219.1
Project("{FAE04EC0-301F-11D3-BF4B-00C04F79EFBC}") = "ConsoleApp2", "ConsoleApp2.csproj", "{8786495A-2000-41D8-AC1A-918775BFF94C}"
EndProject
Global
	GlobalSection(SolutionConfigurationPlatforms) = preSolution
		Debug|Any CPU = Debug|Any CPU
		Release|Any CPU = Release|Any CPU
	EndGlobalSection
	GlobalSection(ProjectConfigurationPlatforms) = postSolution
		{8786495A-2000-41D8-AC1A-918775BFF94C}.Debug|Any CPU.ActiveCfg = Debug|Any CPU
		{8786495A-2000-41D8-AC1A-918775BFF94C}.Debug|Any CPU.Build.0 = Debug|Any CPU
		{8786495A-2000-41D8-AC1A-918775BFF94C}.Release|Any CPU.ActiveCfg = Release|Any CPU
		{8786495A-2000-41D8-AC1A-918775BFF94C}.Release|Any CPU.Build.0 = Release|Any CPU
	EndGlobalSection
	GlobalSection(SolutionProperties) = preSolution
		HideSolutionNode = FALSE
	EndGlobalSection
	GlobalSection(ExtensibilityGlobals) = postSolution
		SolutionGuid = {BF000E38-3060-4ACF-889F-6EE891DC8B46}
	EndGlobalSection
EndGlobal
