
Microsoft Visual Studio Solution File, Format Version 12.00
# Visual Studio Version 17
VisualStudioVersion = 17.5.33516.290
MinimumVisualStudioVersion = 10.0.40219.1
Project("{FAE04EC0-301F-11D3-BF4B-00C04F79EFBC}") = "Ejercicio49_TableroX", "Ejercicio49_TableroX.csproj", "{7F00D40F-677D-4728-BC8B-7FA660BD2009}"
EndProject
Global
	GlobalSection(SolutionConfigurationPlatforms) = preSolution
		Debug|Any CPU = Debug|Any CPU
		Release|Any CPU = Release|Any CPU
	EndGlobalSection
	GlobalSection(ProjectConfigurationPlatforms) = postSolution
		{7F00D40F-677D-4728-BC8B-7FA660BD2009}.Debug|Any CPU.ActiveCfg = Debug|Any CPU
		{7F00D40F-677D-4728-BC8B-7FA660BD2009}.Debug|Any CPU.Build.0 = Debug|Any CPU
		{7F00D40F-677D-4728-BC8B-7FA660BD2009}.Release|Any CPU.ActiveCfg = Release|Any CPU
		{7F00D40F-677D-4728-BC8B-7FA660BD2009}.Release|Any CPU.Build.0 = Release|Any CPU
	EndGlobalSection
	GlobalSection(SolutionProperties) = preSolution
		HideSolutionNode = FALSE
	EndGlobalSection
	GlobalSection(ExtensibilityGlobals) = postSolution
		SolutionGuid = {3593B8DD-CB85-4F83-989D-1F0F51F0F397}
	EndGlobalSection
EndGlobal
