
Microsoft Visual Studio Solution File, Format Version 12.00
# Visual Studio Version 17
VisualStudioVersion = 17.5.33516.290
MinimumVisualStudioVersion = 10.0.40219.1
Project("{FAE04EC0-301F-11D3-BF4B-00C04F79EFBC}") = "Ejercicio3", "Ejercicio3.csproj", "{215A0B1E-0951-4AF3-A736-6722E037385A}"
EndProject
Global
	GlobalSection(SolutionConfigurationPlatforms) = preSolution
		Debug|Any CPU = Debug|Any CPU
		Release|Any CPU = Release|Any CPU
	EndGlobalSection
	GlobalSection(ProjectConfigurationPlatforms) = postSolution
		{215A0B1E-0951-4AF3-A736-6722E037385A}.Debug|Any CPU.ActiveCfg = Debug|Any CPU
		{215A0B1E-0951-4AF3-A736-6722E037385A}.Debug|Any CPU.Build.0 = Debug|Any CPU
		{215A0B1E-0951-4AF3-A736-6722E037385A}.Release|Any CPU.ActiveCfg = Release|Any CPU
		{215A0B1E-0951-4AF3-A736-6722E037385A}.Release|Any CPU.Build.0 = Release|Any CPU
	EndGlobalSection
	GlobalSection(SolutionProperties) = preSolution
		HideSolutionNode = FALSE
	EndGlobalSection
	GlobalSection(ExtensibilityGlobals) = postSolution
		SolutionGuid = {BA6BD53A-5D16-4367-8EEF-FBC68F6FC4EC}
	EndGlobalSection
EndGlobal
